
Microsoft Visual Studio Solution File, Format Version 12.00
# Visual Studio Version 16
VisualStudioVersion = 16.0.32413.511
MinimumVisualStudioVersion = 10.0.40219.1
Project("{FAE04EC0-301F-11D3-BF4B-00C04F79EFBC}") = "MilestoneCST-350", "MilestoneCST-350.csproj", "{FC3914C9-46A3-4FCB-BA96-B822597A8EFF}"
EndProject
Global
	GlobalSection(SolutionConfigurationPlatforms) = preSolution
		Debug|Any CPU = Debug|Any CPU
		Release|Any CPU = Release|Any CPU
	EndGlobalSection
	GlobalSection(ProjectConfigurationPlatforms) = postSolution
		{FC3914C9-46A3-4FCB-BA96-B822597A8EFF}.Debug|Any CPU.ActiveCfg = Debug|Any CPU
		{FC3914C9-46A3-4FCB-BA96-B822597A8EFF}.Debug|Any CPU.Build.0 = Debug|Any CPU
		{FC3914C9-46A3-4FCB-BA96-B822597A8EFF}.Release|Any CPU.ActiveCfg = Release|Any CPU
		{FC3914C9-46A3-4FCB-BA96-B822597A8EFF}.Release|Any CPU.Build.0 = Release|Any CPU
	EndGlobalSection
	GlobalSection(SolutionProperties) = preSolution
		HideSolutionNode = FALSE
	EndGlobalSection
	GlobalSection(ExtensibilityGlobals) = postSolution
		SolutionGuid = {6D212081-D4E5-43EE-B4E9-172DB36F7F7A}
	EndGlobalSection
EndGlobal
